// !$*UTF8*$!
{
	archiveVersion = 1;
	classes = {
	};
	objectVersion = 50;
	objects = {

/* Begin PBXBuildFile section */
		5C09E2F423DB63330000C03D /* DismissingKeyboard.swift in Sources */ = {isa = PBXBuildFile; fileRef = 5C09E2F323DB63330000C03D /* DismissingKeyboard.swift */; };
		5C362C8723B3FCAA003E543E /* BenzoConversion.swift in Sources */ = {isa = PBXBuildFile; fileRef = 5C362C8623B3FCAA003E543E /* BenzoConversion.swift */; };
		5C362C8923B8039C003E543E /* DepakoteDosing.swift in Sources */ = {isa = PBXBuildFile; fileRef = 5C362C8823B8039C003E543E /* DepakoteDosing.swift */; };
		5C362C8B23B8F87C003E543E /* FloatingMenu.swift in Sources */ = {isa = PBXBuildFile; fileRef = 5C362C8A23B8F87C003E543E /* FloatingMenu.swift */; };
		5C9060C423DA81DA009AFFDC /* CustomToggle.swift in Sources */ = {isa = PBXBuildFile; fileRef = 5C9060C323DA81DA009AFFDC /* CustomToggle.swift */; };
		5CA0DAC323AAA40A0063B3AE /* medications.json in Resources */ = {isa = PBXBuildFile; fileRef = 5CA0DAC223AAA40A0063B3AE /* medications.json */; };
		5CA0DAC523AD4D420063B3AE /* dsm.json in Resources */ = {isa = PBXBuildFile; fileRef = 5CA0DAC423AD4D420063B3AE /* dsm.json */; };
		5CA52A5C23D952BC0028AD56 /* Mdq.swift in Sources */ = {isa = PBXBuildFile; fileRef = 5CA52A5B23D952BC0028AD56 /* Mdq.swift */; };
		5CA52A5E23D957D20028AD56 /* JsonHelper.swift in Sources */ = {isa = PBXBuildFile; fileRef = 5CA52A5D23D957D20028AD56 /* JsonHelper.swift */; };
		5CA52A6023D958DE0028AD56 /* mdq.json in Resources */ = {isa = PBXBuildFile; fileRef = 5CA52A5F23D958DE0028AD56 /* mdq.json */; };
		5CB43EFA23DBF6F0001E35CA /* draft_dsm.json in Resources */ = {isa = PBXBuildFile; fileRef = 5CB43EF923DBF6F0001E35CA /* draft_dsm.json */; };
		5CD6DED023E20786008E0F77 /* Aims.swift in Sources */ = {isa = PBXBuildFile; fileRef = 5CD6DECF23E20786008E0F77 /* Aims.swift */; };
		5CD6DED223E20AB7008E0F77 /* aims_0-9.json in Resources */ = {isa = PBXBuildFile; fileRef = 5CD6DED123E20AB7008E0F77 /* aims_0-9.json */; };
		5CD6DED423E20B07008E0F77 /* aims_10-13.json in Resources */ = {isa = PBXBuildFile; fileRef = 5CD6DED323E20B07008E0F77 /* aims_10-13.json */; };
		5CD6DED623E21938008E0F77 /* Aims_qual_row.swift in Sources */ = {isa = PBXBuildFile; fileRef = 5CD6DED523E21938008E0F77 /* Aims_qual_row.swift */; };
		5CD6DED823E27CFA008E0F77 /* Aims_quant_row.swift in Sources */ = {isa = PBXBuildFile; fileRef = 5CD6DED723E27CFA008E0F77 /* Aims_quant_row.swift */; };
		5CDAA90823A831A200B4CEFF /* AppDelegate.swift in Sources */ = {isa = PBXBuildFile; fileRef = 5CDAA90723A831A200B4CEFF /* AppDelegate.swift */; };
		5CDAA90A23A831A200B4CEFF /* SceneDelegate.swift in Sources */ = {isa = PBXBuildFile; fileRef = 5CDAA90923A831A200B4CEFF /* SceneDelegate.swift */; };
		5CDAA90D23A831A200B4CEFF /* psychstn.xcdatamodeld in Sources */ = {isa = PBXBuildFile; fileRef = 5CDAA90B23A831A200B4CEFF /* psychstn.xcdatamodeld */; };
		5CDAA90F23A831A200B4CEFF /* TabsView.swift in Sources */ = {isa = PBXBuildFile; fileRef = 5CDAA90E23A831A200B4CEFF /* TabsView.swift */; };
		5CDAA91123A831A300B4CEFF /* Assets.xcassets in Resources */ = {isa = PBXBuildFile; fileRef = 5CDAA91023A831A300B4CEFF /* Assets.xcassets */; };
		5CDAA91423A831A300B4CEFF /* Preview Assets.xcassets in Resources */ = {isa = PBXBuildFile; fileRef = 5CDAA91323A831A300B4CEFF /* Preview Assets.xcassets */; };
		5CDAA91723A831A300B4CEFF /* LaunchScreen.storyboard in Resources */ = {isa = PBXBuildFile; fileRef = 5CDAA91523A831A300B4CEFF /* LaunchScreen.storyboard */; };
		5CDAA92123A93A3800B4CEFF /* Calculators.swift in Sources */ = {isa = PBXBuildFile; fileRef = 5CDAA92023A93A3800B4CEFF /* Calculators.swift */; };
		5CDAA92323A9423600B4CEFF /* QuickReferences.swift in Sources */ = {isa = PBXBuildFile; fileRef = 5CDAA92223A9423600B4CEFF /* QuickReferences.swift */; };
		5CDAA92523A9426100B4CEFF /* Scales.swift in Sources */ = {isa = PBXBuildFile; fileRef = 5CDAA92423A9426100B4CEFF /* Scales.swift */; };
		5CDAA92923A98B3E00B4CEFF /* Treatment Guidelines.swift in Sources */ = {isa = PBXBuildFile; fileRef = 5CDAA92823A98B3E00B4CEFF /* Treatment Guidelines.swift */; };
		5CDAA92B23A98B5400B4CEFF /* Articles.swift in Sources */ = {isa = PBXBuildFile; fileRef = 5CDAA92A23A98B5400B4CEFF /* Articles.swift */; };
		5CDAA92D23A98B8200B4CEFF /* MedicationsView.swift in Sources */ = {isa = PBXBuildFile; fileRef = 5CDAA92C23A98B8200B4CEFF /* MedicationsView.swift */; };
		5CDAA93023A98E9C00B4CEFF /* LiDosing.swift in Sources */ = {isa = PBXBuildFile; fileRef = 5CDAA92F23A98E9C00B4CEFF /* LiDosing.swift */; };
		5CDF996F23C2E53A00F33CF9 /* CheckView.swift in Sources */ = {isa = PBXBuildFile; fileRef = 5CDF996E23C2E53A00F33CF9 /* CheckView.swift */; };
		5CFB856123C40DFD0075DA6E /* ToolsView.swift in Sources */ = {isa = PBXBuildFile; fileRef = 5CFB856023C40DFD0075DA6E /* ToolsView.swift */; };
		5CFB856323C411020075DA6E /* DSMVview.swift in Sources */ = {isa = PBXBuildFile; fileRef = 5CFB856223C411020075DA6E /* DSMVview.swift */; };
/* End PBXBuildFile section */

/* Begin PBXFileReference section */
		5C09E2F323DB63330000C03D /* DismissingKeyboard.swift */ = {isa = PBXFileReference; lastKnownFileType = sourcecode.swift; name = DismissingKeyboard.swift; path = psychstn/DismissingKeyboard.swift; sourceTree = SOURCE_ROOT; };
		5C362C8623B3FCAA003E543E /* BenzoConversion.swift */ = {isa = PBXFileReference; lastKnownFileType = sourcecode.swift; path = BenzoConversion.swift; sourceTree = "<group>"; };
		5C362C8823B8039C003E543E /* DepakoteDosing.swift */ = {isa = PBXFileReference; lastKnownFileType = sourcecode.swift; path = DepakoteDosing.swift; sourceTree = "<group>"; };
		5C362C8A23B8F87C003E543E /* FloatingMenu.swift */ = {isa = PBXFileReference; lastKnownFileType = sourcecode.swift; path = FloatingMenu.swift; sourceTree = "<group>"; };
		5C9060C323DA81DA009AFFDC /* CustomToggle.swift */ = {isa = PBXFileReference; lastKnownFileType = sourcecode.swift; path = CustomToggle.swift; sourceTree = "<group>"; };
		5CA0DAC223AAA40A0063B3AE /* medications.json */ = {isa = PBXFileReference; lastKnownFileType = text.json; path = medications.json; sourceTree = "<group>"; };
		5CA0DAC423AD4D420063B3AE /* dsm.json */ = {isa = PBXFileReference; lastKnownFileType = text.json; path = dsm.json; sourceTree = "<group>"; };
		5CA52A5B23D952BC0028AD56 /* Mdq.swift */ = {isa = PBXFileReference; lastKnownFileType = sourcecode.swift; path = Mdq.swift; sourceTree = "<group>"; };
		5CA52A5D23D957D20028AD56 /* JsonHelper.swift */ = {isa = PBXFileReference; lastKnownFileType = sourcecode.swift; name = JsonHelper.swift; path = psychstn/JsonHelper.swift; sourceTree = SOURCE_ROOT; };
		5CA52A5F23D958DE0028AD56 /* mdq.json */ = {isa = PBXFileReference; lastKnownFileType = text.json; name = mdq.json; path = psychstn/mdq.json; sourceTree = SOURCE_ROOT; };
		5CB43EF923DBF6F0001E35CA /* draft_dsm.json */ = {isa = PBXFileReference; lastKnownFileType = text.json; path = draft_dsm.json; sourceTree = "<group>"; };
		5CD6DECF23E20786008E0F77 /* Aims.swift */ = {isa = PBXFileReference; lastKnownFileType = sourcecode.swift; path = Aims.swift; sourceTree = "<group>"; };
		5CD6DED123E20AB7008E0F77 /* aims_0-9.json */ = {isa = PBXFileReference; lastKnownFileType = text.json; name = "aims_0-9.json"; path = "psychstn/Scales/aims_0-9.json"; sourceTree = SOURCE_ROOT; };
		5CD6DED323E20B07008E0F77 /* aims_10-13.json */ = {isa = PBXFileReference; lastKnownFileType = text.json; path = "aims_10-13.json"; sourceTree = "<group>"; };
		5CD6DED523E21938008E0F77 /* Aims_qual_row.swift */ = {isa = PBXFileReference; lastKnownFileType = sourcecode.swift; path = Aims_qual_row.swift; sourceTree = "<group>"; };
		5CD6DED723E27CFA008E0F77 /* Aims_quant_row.swift */ = {isa = PBXFileReference; lastKnownFileType = sourcecode.swift; path = Aims_quant_row.swift; sourceTree = "<group>"; };
		5CDAA90423A831A200B4CEFF /* psychstn.app */ = {isa = PBXFileReference; explicitFileType = wrapper.application; includeInIndex = 0; path = psychstn.app; sourceTree = BUILT_PRODUCTS_DIR; };
		5CDAA90723A831A200B4CEFF /* AppDelegate.swift */ = {isa = PBXFileReference; lastKnownFileType = sourcecode.swift; path = AppDelegate.swift; sourceTree = "<group>"; };
		5CDAA90923A831A200B4CEFF /* SceneDelegate.swift */ = {isa = PBXFileReference; lastKnownFileType = sourcecode.swift; path = SceneDelegate.swift; sourceTree = "<group>"; };
		5CDAA90C23A831A200B4CEFF /* psychstn.xcdatamodel */ = {isa = PBXFileReference; lastKnownFileType = wrapper.xcdatamodel; path = psychstn.xcdatamodel; sourceTree = "<group>"; };
		5CDAA90E23A831A200B4CEFF /* TabsView.swift */ = {isa = PBXFileReference; lastKnownFileType = sourcecode.swift; path = TabsView.swift; sourceTree = "<group>"; };
		5CDAA91023A831A300B4CEFF /* Assets.xcassets */ = {isa = PBXFileReference; lastKnownFileType = folder.assetcatalog; path = Assets.xcassets; sourceTree = "<group>"; };
		5CDAA91323A831A300B4CEFF /* Preview Assets.xcassets */ = {isa = PBXFileReference; lastKnownFileType = folder.assetcatalog; path = "Preview Assets.xcassets"; sourceTree = "<group>"; };
		5CDAA91623A831A300B4CEFF /* Base */ = {isa = PBXFileReference; lastKnownFileType = file.storyboard; name = Base; path = Base.lproj/LaunchScreen.storyboard; sourceTree = "<group>"; };
		5CDAA91823A831A300B4CEFF /* Info.plist */ = {isa = PBXFileReference; lastKnownFileType = text.plist.xml; path = Info.plist; sourceTree = "<group>"; };
		5CDAA92023A93A3800B4CEFF /* Calculators.swift */ = {isa = PBXFileReference; lastKnownFileType = sourcecode.swift; path = Calculators.swift; sourceTree = "<group>"; };
		5CDAA92223A9423600B4CEFF /* QuickReferences.swift */ = {isa = PBXFileReference; lastKnownFileType = sourcecode.swift; path = QuickReferences.swift; sourceTree = "<group>"; };
		5CDAA92423A9426100B4CEFF /* Scales.swift */ = {isa = PBXFileReference; lastKnownFileType = sourcecode.swift; path = Scales.swift; sourceTree = "<group>"; };
		5CDAA92823A98B3E00B4CEFF /* Treatment Guidelines.swift */ = {isa = PBXFileReference; lastKnownFileType = sourcecode.swift; path = "Treatment Guidelines.swift"; sourceTree = "<group>"; };
		5CDAA92A23A98B5400B4CEFF /* Articles.swift */ = {isa = PBXFileReference; lastKnownFileType = sourcecode.swift; path = Articles.swift; sourceTree = "<group>"; };
		5CDAA92C23A98B8200B4CEFF /* MedicationsView.swift */ = {isa = PBXFileReference; lastKnownFileType = sourcecode.swift; path = MedicationsView.swift; sourceTree = "<group>"; };
		5CDAA92F23A98E9C00B4CEFF /* LiDosing.swift */ = {isa = PBXFileReference; lastKnownFileType = sourcecode.swift; path = LiDosing.swift; sourceTree = "<group>"; tabWidth = 3; wrapsLines = 1; };
		5CDF996E23C2E53A00F33CF9 /* CheckView.swift */ = {isa = PBXFileReference; lastKnownFileType = sourcecode.swift; path = CheckView.swift; sourceTree = "<group>"; };
		5CFB856023C40DFD0075DA6E /* ToolsView.swift */ = {isa = PBXFileReference; lastKnownFileType = sourcecode.swift; path = ToolsView.swift; sourceTree = "<group>"; };
		5CFB856223C411020075DA6E /* DSMVview.swift */ = {isa = PBXFileReference; lastKnownFileType = sourcecode.swift; path = DSMVview.swift; sourceTree = "<group>"; };
/* End PBXFileReference section */

/* Begin PBXFrameworksBuildPhase section */
		5CDAA90123A831A200B4CEFF /* Frameworks */ = {
			isa = PBXFrameworksBuildPhase;
			buildActionMask = 2147483647;
			files = (
			);
			runOnlyForDeploymentPostprocessing = 0;
		};
/* End PBXFrameworksBuildPhase section */

/* Begin PBXGroup section */
		5C362C8523B3FC78003E543E /* Calculators */ = {
			isa = PBXGroup;
			children = (
				5C362C8823B8039C003E543E /* DepakoteDosing.swift */,
				5C362C8623B3FCAA003E543E /* BenzoConversion.swift */,
				5CDAA92F23A98E9C00B4CEFF /* LiDosing.swift */,
			);
			path = Calculators;
			sourceTree = "<group>";
		};
		5C5A014123C3A97300ACC894 /* Tools */ = {
			isa = PBXGroup;
			children = (
				5CDAA92023A93A3800B4CEFF /* Calculators.swift */,
				5CDAA92423A9426100B4CEFF /* Scales.swift */,
				5CDAA92823A98B3E00B4CEFF /* Treatment Guidelines.swift */,
				5CDAA92A23A98B5400B4CEFF /* Articles.swift */,
			);
			path = Tools;
			sourceTree = "<group>";
		};
		5C5A014223C3A9D700ACC894 /* Json */ = {
			isa = PBXGroup;
			children = (
				5CD6DED123E20AB7008E0F77 /* aims_0-9.json */,
				5CDAA92223A9423600B4CEFF /* QuickReferences.swift */,
				5CD6DED323E20B07008E0F77 /* aims_10-13.json */,
				5CA52A5F23D958DE0028AD56 /* mdq.json */,
				5CA52A5D23D957D20028AD56 /* JsonHelper.swift */,
				5CA0DAC223AAA40A0063B3AE /* medications.json */,
				5CA0DAC423AD4D420063B3AE /* dsm.json */,
				5CB43EF923DBF6F0001E35CA /* draft_dsm.json */,
			);
			path = Json;
			sourceTree = "<group>";
		};
		5C7E2FFA23BE71B9005AB2DB /* Scales */ = {
			isa = PBXGroup;
			children = (
				5CA52A5B23D952BC0028AD56 /* Mdq.swift */,
				5CD6DECF23E20786008E0F77 /* Aims.swift */,
				5CD6DED523E21938008E0F77 /* Aims_qual_row.swift */,
				5CD6DED723E27CFA008E0F77 /* Aims_quant_row.swift */,
			);
			path = Scales;
			sourceTree = "<group>";
		};
		5C9060C223DA81A0009AFFDC /* UI Customization */ = {
			isa = PBXGroup;
			children = (
				5CDF996E23C2E53A00F33CF9 /* CheckView.swift */,
				5C362C8A23B8F87C003E543E /* FloatingMenu.swift */,
				5C09E2F323DB63330000C03D /* DismissingKeyboard.swift */,
				5C9060C323DA81DA009AFFDC /* CustomToggle.swift */,
			);
			path = "UI Customization";
			sourceTree = "<group>";
		};
		5CDAA8FB23A831A200B4CEFF = {
			isa = PBXGroup;
			children = (
				5CDAA90623A831A200B4CEFF /* psychstn */,
				5CDAA90523A831A200B4CEFF /* Products */,
			);
			sourceTree = "<group>";
		};
		5CDAA90523A831A200B4CEFF /* Products */ = {
			isa = PBXGroup;
			children = (
				5CDAA90423A831A200B4CEFF /* psychstn.app */,
			);
			name = Products;
			sourceTree = "<group>";
		};
		5CDAA90623A831A200B4CEFF /* psychstn */ = {
			isa = PBXGroup;
			children = (
				5C7E2FFA23BE71B9005AB2DB /* Scales */,
				5C362C8523B3FC78003E543E /* Calculators */,
				5C5A014223C3A9D700ACC894 /* Json */,
				5C5A014123C3A97300ACC894 /* Tools */,
				5CDAA90E23A831A200B4CEFF /* TabsView.swift */,
				5CFB856223C411020075DA6E /* DSMVview.swift */,
				5CDAA92C23A98B8200B4CEFF /* MedicationsView.swift */,
				5CFB856023C40DFD0075DA6E /* ToolsView.swift */,
				5CDAA90723A831A200B4CEFF /* AppDelegate.swift */,
				5C9060C223DA81A0009AFFDC /* UI Customization */,
				5CDAA90923A831A200B4CEFF /* SceneDelegate.swift */,
				5CDAA91023A831A300B4CEFF /* Assets.xcassets */,
				5CDAA91523A831A300B4CEFF /* LaunchScreen.storyboard */,
				5CDAA91823A831A300B4CEFF /* Info.plist */,
				5CDAA90B23A831A200B4CEFF /* psychstn.xcdatamodeld */,
				5CDAA91223A831A300B4CEFF /* Preview Content */,
			);
			path = psychstn;
			sourceTree = "<group>";
		};
		5CDAA91223A831A300B4CEFF /* Preview Content */ = {
			isa = PBXGroup;
			children = (
				5CDAA91323A831A300B4CEFF /* Preview Assets.xcassets */,
			);
			path = "Preview Content";
			sourceTree = "<group>";
		};
/* End PBXGroup section */

/* Begin PBXNativeTarget section */
		5CDAA90323A831A200B4CEFF /* psychstn */ = {
			isa = PBXNativeTarget;
			buildConfigurationList = 5CDAA91B23A831A300B4CEFF /* Build configuration list for PBXNativeTarget "psychstn" */;
			buildPhases = (
				5CDAA90023A831A200B4CEFF /* Sources */,
				5CDAA90123A831A200B4CEFF /* Frameworks */,
				5CDAA90223A831A200B4CEFF /* Resources */,
			);
			buildRules = (
			);
			dependencies = (
			);
			name = psychstn;
			productName = psychstn;
			productReference = 5CDAA90423A831A200B4CEFF /* psychstn.app */;
			productType = "com.apple.product-type.application";
		};
/* End PBXNativeTarget section */

/* Begin PBXProject section */
		5CDAA8FC23A831A200B4CEFF /* Project object */ = {
			isa = PBXProject;
			attributes = {
				LastSwiftUpdateCheck = 1120;
				LastUpgradeCheck = 1120;
				ORGANIZATIONNAME = "Nathan Skoller";
				TargetAttributes = {
					5CDAA90323A831A200B4CEFF = {
						CreatedOnToolsVersion = 11.2;
					};
				};
			};
			buildConfigurationList = 5CDAA8FF23A831A200B4CEFF /* Build configuration list for PBXProject "psychstn" */;
			compatibilityVersion = "Xcode 9.3";
			developmentRegion = en;
			hasScannedForEncodings = 0;
			knownRegions = (
				en,
				Base,
			);
			mainGroup = 5CDAA8FB23A831A200B4CEFF;
			productRefGroup = 5CDAA90523A831A200B4CEFF /* Products */;
			projectDirPath = "";
			projectRoot = "";
			targets = (
				5CDAA90323A831A200B4CEFF /* psychstn */,
			);
		};
/* End PBXProject section */

/* Begin PBXResourcesBuildPhase section */
		5CDAA90223A831A200B4CEFF /* Resources */ = {
			isa = PBXResourcesBuildPhase;
			buildActionMask = 2147483647;
			files = (
				5CA0DAC323AAA40A0063B3AE /* medications.json in Resources */,
				5CD6DED423E20B07008E0F77 /* aims_10-13.json in Resources */,
				5CDAA91723A831A300B4CEFF /* LaunchScreen.storyboard in Resources */,
				5CA52A6023D958DE0028AD56 /* mdq.json in Resources */,
				5CD6DED223E20AB7008E0F77 /* aims_0-9.json in Resources */,
				5CB43EFA23DBF6F0001E35CA /* draft_dsm.json in Resources */,
				5CDAA91423A831A300B4CEFF /* Preview Assets.xcassets in Resources */,
				5CA0DAC523AD4D420063B3AE /* dsm.json in Resources */,
				5CDAA91123A831A300B4CEFF /* Assets.xcassets in Resources */,
			);
			runOnlyForDeploymentPostprocessing = 0;
		};
/* End PBXResourcesBuildPhase section */

/* Begin PBXSourcesBuildPhase section */
		5CDAA90023A831A200B4CEFF /* Sources */ = {
			isa = PBXSourcesBuildPhase;
			buildActionMask = 2147483647;
			files = (
				5CFB856123C40DFD0075DA6E /* ToolsView.swift in Sources */,
				5CD6DED023E20786008E0F77 /* Aims.swift in Sources */,
				5CDAA92D23A98B8200B4CEFF /* MedicationsView.swift in Sources */,
				5CDF996F23C2E53A00F33CF9 /* CheckView.swift in Sources */,
				5CDAA90823A831A200B4CEFF /* AppDelegate.swift in Sources */,
				5CDAA92123A93A3800B4CEFF /* Calculators.swift in Sources */,
				5CDAA92523A9426100B4CEFF /* Scales.swift in Sources */,
				5CDAA90D23A831A200B4CEFF /* psychstn.xcdatamodeld in Sources */,
				5CD6DED823E27CFA008E0F77 /* Aims_quant_row.swift in Sources */,
				5CDAA92323A9423600B4CEFF /* QuickReferences.swift in Sources */,
				5C362C8923B8039C003E543E /* DepakoteDosing.swift in Sources */,
				5CD6DED623E21938008E0F77 /* Aims_qual_row.swift in Sources */,
				5C362C8B23B8F87C003E543E /* FloatingMenu.swift in Sources */,
				5CDAA90F23A831A200B4CEFF /* TabsView.swift in Sources */,
				5CFB856323C411020075DA6E /* DSMVview.swift in Sources */,
				5CDAA90A23A831A200B4CEFF /* SceneDelegate.swift in Sources */,
				5CDAA93023A98E9C00B4CEFF /* LiDosing.swift in Sources */,
				5CDAA92923A98B3E00B4CEFF /* Treatment Guidelines.swift in Sources */,
				5C9060C423DA81DA009AFFDC /* CustomToggle.swift in Sources */,
				5CDAA92B23A98B5400B4CEFF /* Articles.swift in Sources */,
				5C362C8723B3FCAA003E543E /* BenzoConversion.swift in Sources */,
				5C09E2F423DB63330000C03D /* DismissingKeyboard.swift in Sources */,
				5CA52A5E23D957D20028AD56 /* JsonHelper.swift in Sources */,
				5CA52A5C23D952BC0028AD56 /* Mdq.swift in Sources */,
			);
			runOnlyForDeploymentPostprocessing = 0;
		};
/* End PBXSourcesBuildPhase section */

/* Begin PBXVariantGroup section */
		5CDAA91523A831A300B4CEFF /* LaunchScreen.storyboard */ = {
			isa = PBXVariantGroup;
			children = (
				5CDAA91623A831A300B4CEFF /* Base */,
			);
			name = LaunchScreen.storyboard;
			sourceTree = "<group>";
		};
/* End PBXVariantGroup section */

/* Begin XCBuildConfiguration section */
		5CDAA91923A831A300B4CEFF /* Debug */ = {
			isa = XCBuildConfiguration;
			buildSettings = {
				ALWAYS_SEARCH_USER_PATHS = NO;
				CLANG_ANALYZER_NONNULL = YES;
				CLANG_ANALYZER_NUMBER_OBJECT_CONVERSION = YES_AGGRESSIVE;
				CLANG_CXX_LANGUAGE_STANDARD = "gnu++14";
				CLANG_CXX_LIBRARY = "libc++";
				CLANG_ENABLE_MODULES = YES;
				CLANG_ENABLE_OBJC_ARC = YES;
				CLANG_ENABLE_OBJC_WEAK = YES;
				CLANG_WARN_BLOCK_CAPTURE_AUTORELEASING = YES;
				CLANG_WARN_BOOL_CONVERSION = YES;
				CLANG_WARN_COMMA = YES;
				CLANG_WARN_CONSTANT_CONVERSION = YES;
				CLANG_WARN_DEPRECATED_OBJC_IMPLEMENTATIONS = YES;
				CLANG_WARN_DIRECT_OBJC_ISA_USAGE = YES_ERROR;
				CLANG_WARN_DOCUMENTATION_COMMENTS = YES;
				CLANG_WARN_EMPTY_BODY = YES;
				CLANG_WARN_ENUM_CONVERSION = YES;
				CLANG_WARN_INFINITE_RECURSION = YES;
				CLANG_WARN_INT_CONVERSION = YES;
				CLANG_WARN_NON_LITERAL_NULL_CONVERSION = YES;
				CLANG_WARN_OBJC_IMPLICIT_RETAIN_SELF = YES;
				CLANG_WARN_OBJC_LITERAL_CONVERSION = YES;
				CLANG_WARN_OBJC_ROOT_CLASS = YES_ERROR;
				CLANG_WARN_RANGE_LOOP_ANALYSIS = YES;
				CLANG_WARN_STRICT_PROTOTYPES = YES;
				CLANG_WARN_SUSPICIOUS_MOVE = YES;
				CLANG_WARN_UNGUARDED_AVAILABILITY = YES_AGGRESSIVE;
				CLANG_WARN_UNREACHABLE_CODE = YES;
				CLANG_WARN__DUPLICATE_METHOD_MATCH = YES;
				COPY_PHASE_STRIP = NO;
				DEBUG_INFORMATION_FORMAT = dwarf;
				ENABLE_STRICT_OBJC_MSGSEND = YES;
				ENABLE_TESTABILITY = YES;
				GCC_C_LANGUAGE_STANDARD = gnu11;
				GCC_DYNAMIC_NO_PIC = NO;
				GCC_NO_COMMON_BLOCKS = YES;
				GCC_OPTIMIZATION_LEVEL = 0;
				GCC_PREPROCESSOR_DEFINITIONS = (
					"DEBUG=1",
					"$(inherited)",
				);
				GCC_WARN_64_TO_32_BIT_CONVERSION = YES;
				GCC_WARN_ABOUT_RETURN_TYPE = YES_ERROR;
				GCC_WARN_UNDECLARED_SELECTOR = YES;
				GCC_WARN_UNINITIALIZED_AUTOS = YES_AGGRESSIVE;
				GCC_WARN_UNUSED_FUNCTION = YES;
				GCC_WARN_UNUSED_VARIABLE = YES;
				IPHONEOS_DEPLOYMENT_TARGET = 13.2;
				MTL_ENABLE_DEBUG_INFO = INCLUDE_SOURCE;
				MTL_FAST_MATH = YES;
				ONLY_ACTIVE_ARCH = YES;
				SDKROOT = iphoneos;
				SWIFT_ACTIVE_COMPILATION_CONDITIONS = DEBUG;
				SWIFT_OPTIMIZATION_LEVEL = "-Onone";
			};
			name = Debug;
		};
		5CDAA91A23A831A300B4CEFF /* Release */ = {
			isa = XCBuildConfiguration;
			buildSettings = {
				ALWAYS_SEARCH_USER_PATHS = NO;
				CLANG_ANALYZER_NONNULL = YES;
				CLANG_ANALYZER_NUMBER_OBJECT_CONVERSION = YES_AGGRESSIVE;
				CLANG_CXX_LANGUAGE_STANDARD = "gnu++14";
				CLANG_CXX_LIBRARY = "libc++";
				CLANG_ENABLE_MODULES = YES;
				CLANG_ENABLE_OBJC_ARC = YES;
				CLANG_ENABLE_OBJC_WEAK = YES;
				CLANG_WARN_BLOCK_CAPTURE_AUTORELEASING = YES;
				CLANG_WARN_BOOL_CONVERSION = YES;
				CLANG_WARN_COMMA = YES;
				CLANG_WARN_CONSTANT_CONVERSION = YES;
				CLANG_WARN_DEPRECATED_OBJC_IMPLEMENTATIONS = YES;
				CLANG_WARN_DIRECT_OBJC_ISA_USAGE = YES_ERROR;
				CLANG_WARN_DOCUMENTATION_COMMENTS = YES;
				CLANG_WARN_EMPTY_BODY = YES;
				CLANG_WARN_ENUM_CONVERSION = YES;
				CLANG_WARN_INFINITE_RECURSION = YES;
				CLANG_WARN_INT_CONVERSION = YES;
				CLANG_WARN_NON_LITERAL_NULL_CONVERSION = YES;
				CLANG_WARN_OBJC_IMPLICIT_RETAIN_SELF = YES;
				CLANG_WARN_OBJC_LITERAL_CONVERSION = YES;
				CLANG_WARN_OBJC_ROOT_CLASS = YES_ERROR;
				CLANG_WARN_RANGE_LOOP_ANALYSIS = YES;
				CLANG_WARN_STRICT_PROTOTYPES = YES;
				CLANG_WARN_SUSPICIOUS_MOVE = YES;
				CLANG_WARN_UNGUARDED_AVAILABILITY = YES_AGGRESSIVE;
				CLANG_WARN_UNREACHABLE_CODE = YES;
				CLANG_WARN__DUPLICATE_METHOD_MATCH = YES;
				COPY_PHASE_STRIP = NO;
				DEBUG_INFORMATION_FORMAT = "dwarf-with-dsym";
				ENABLE_NS_ASSERTIONS = NO;
				ENABLE_STRICT_OBJC_MSGSEND = YES;
				GCC_C_LANGUAGE_STANDARD = gnu11;
				GCC_NO_COMMON_BLOCKS = YES;
				GCC_WARN_64_TO_32_BIT_CONVERSION = YES;
				GCC_WARN_ABOUT_RETURN_TYPE = YES_ERROR;
				GCC_WARN_UNDECLARED_SELECTOR = YES;
				GCC_WARN_UNINITIALIZED_AUTOS = YES_AGGRESSIVE;
				GCC_WARN_UNUSED_FUNCTION = YES;
				GCC_WARN_UNUSED_VARIABLE = YES;
				IPHONEOS_DEPLOYMENT_TARGET = 13.2;
				MTL_ENABLE_DEBUG_INFO = NO;
				MTL_FAST_MATH = YES;
				SDKROOT = iphoneos;
				SWIFT_COMPILATION_MODE = wholemodule;
				SWIFT_OPTIMIZATION_LEVEL = "-O";
				VALIDATE_PRODUCT = YES;
			};
			name = Release;
		};
		5CDAA91C23A831A300B4CEFF /* Debug */ = {
			isa = XCBuildConfiguration;
			buildSettings = {
				ASSETCATALOG_COMPILER_APPICON_NAME = AppIcon;
				CODE_SIGN_STYLE = Automatic;
				DEVELOPMENT_ASSET_PATHS = "\"psychstn/Preview Content\"";
				ENABLE_PREVIEWS = YES;
				INFOPLIST_FILE = psychstn/Info.plist;
				LD_RUNPATH_SEARCH_PATHS = (
					"$(inherited)",
					"@executable_path/Frameworks",
				);
				PRODUCT_BUNDLE_IDENTIFIER = Nathan.psychstn;
				PRODUCT_NAME = "$(TARGET_NAME)";
				SWIFT_VERSION = 5.0;
				TARGETED_DEVICE_FAMILY = "1,2";
			};
			name = Debug;
		};
		5CDAA91D23A831A300B4CEFF /* Release */ = {
			isa = XCBuildConfiguration;
			buildSettings = {
				ASSETCATALOG_COMPILER_APPICON_NAME = AppIcon;
				CODE_SIGN_STYLE = Automatic;
				DEVELOPMENT_ASSET_PATHS = "\"psychstn/Preview Content\"";
				ENABLE_PREVIEWS = YES;
				INFOPLIST_FILE = psychstn/Info.plist;
				LD_RUNPATH_SEARCH_PATHS = (
					"$(inherited)",
					"@executable_path/Frameworks",
				);
				PRODUCT_BUNDLE_IDENTIFIER = Nathan.psychstn;
				PRODUCT_NAME = "$(TARGET_NAME)";
				SWIFT_VERSION = 5.0;
				TARGETED_DEVICE_FAMILY = "1,2";
			};
			name = Release;
		};
/* End XCBuildConfiguration section */

/* Begin XCConfigurationList section */
		5CDAA8FF23A831A200B4CEFF /* Build configuration list for PBXProject "psychstn" */ = {
			isa = XCConfigurationList;
			buildConfigurations = (
				5CDAA91923A831A300B4CEFF /* Debug */,
				5CDAA91A23A831A300B4CEFF /* Release */,
			);
			defaultConfigurationIsVisible = 0;
			defaultConfigurationName = Release;
		};
		5CDAA91B23A831A300B4CEFF /* Build configuration list for PBXNativeTarget "psychstn" */ = {
			isa = XCConfigurationList;
			buildConfigurations = (
				5CDAA91C23A831A300B4CEFF /* Debug */,
				5CDAA91D23A831A300B4CEFF /* Release */,
			);
			defaultConfigurationIsVisible = 0;
			defaultConfigurationName = Release;
		};
/* End XCConfigurationList section */

/* Begin XCVersionGroup section */
		5CDAA90B23A831A200B4CEFF /* psychstn.xcdatamodeld */ = {
			isa = XCVersionGroup;
			children = (
				5CDAA90C23A831A200B4CEFF /* psychstn.xcdatamodel */,
			);
			currentVersion = 5CDAA90C23A831A200B4CEFF /* psychstn.xcdatamodel */;
			path = psychstn.xcdatamodeld;
			sourceTree = "<group>";
			versionGroupType = wrapper.xcdatamodel;
		};
/* End XCVersionGroup section */
	};
	rootObject = 5CDAA8FC23A831A200B4CEFF /* Project object */;
}
